
Microsoft Visual Studio Solution File, Format Version 12.00
# Visual Studio Version 16
VisualStudioVersion = 16.0.29728.190
MinimumVisualStudioVersion = 10.0.40219.1
Project("{FAE04EC0-301F-11D3-BF4B-00C04F79EFBC}") = "DeepFlight", "DeepFlight.csproj", "{B5DA9545-D68E-4174-ABDF-0FBB74DB058C}"
EndProject
Project("{2150E333-8FDC-42A3-9474-1A3956D46DE8}") = "Solution Items", "Solution Items", "{70B745DB-C15C-43F5-9A3B-F45B2347EE77}"
EndProject
Global
	GlobalSection(SolutionConfigurationPlatforms) = preSolution
		Debug|Any CPU = Debug|Any CPU
		Release|Any CPU = Release|Any CPU
	EndGlobalSection
	GlobalSection(ProjectConfigurationPlatforms) = postSolution
		{B5DA9545-D68E-4174-ABDF-0FBB74DB058C}.Debug|Any CPU.ActiveCfg = Debug|Any CPU
		{B5DA9545-D68E-4174-ABDF-0FBB74DB058C}.Debug|Any CPU.Build.0 = Debug|Any CPU
		{B5DA9545-D68E-4174-ABDF-0FBB74DB058C}.Release|Any CPU.ActiveCfg = Release|Any CPU
		{B5DA9545-D68E-4174-ABDF-0FBB74DB058C}.Release|Any CPU.Build.0 = Release|Any CPU
	EndGlobalSection
	GlobalSection(SolutionProperties) = preSolution
		HideSolutionNode = FALSE
	EndGlobalSection
	GlobalSection(ExtensibilityGlobals) = postSolution
		SolutionGuid = {A8005B65-0FC9-4CA0-8DB6-871441145063}
	EndGlobalSection
EndGlobal
